#MicroXplorer Configuration settings - do not modify
ADC1.Channel-1\#ChannelRegularConversion=ADC_CHANNEL_9
ADC1.IPParameters=Rank-1\#ChannelRegularConversion,Channel-1\#ChannelRegularConversion,SamplingTime-1\#ChannelRegularConversion,OffsetNumber-1\#ChannelRegularConversion,NbrOfConversionFlag,master
ADC1.NbrOfConversionFlag=1
ADC1.OffsetNumber-1\#ChannelRegularConversion=ADC_OFFSET_NONE
ADC1.Rank-1\#ChannelRegularConversion=1
ADC1.SamplingTime-1\#ChannelRegularConversion=ADC_SAMPLETIME_2CYCLES_5
ADC1.master=1
CAN1.CalculateBaudRate=83333
CAN1.CalculateTimeBit=12000
CAN1.CalculateTimeQuantum=4000.0
CAN1.IPParameters=CalculateTimeQuantum,CalculateTimeBit,CalculateBaudRate
File.Version=6
GPIO.groupedBy=Group By Peripherals
KeepUserPlacement=false
Mcu.Family=STM32L4
Mcu.IP0=ADC1
Mcu.IP1=CAN1
Mcu.IP2=I2C1
Mcu.IP3=IWDG
Mcu.IP4=NVIC
Mcu.IP5=RCC
Mcu.IP6=SYS
Mcu.IP7=TIM1
Mcu.IP8=TIM2
Mcu.IP9=USART2
Mcu.IPNb=10
Mcu.Name=STM32L432K(B-C)Ux
Mcu.Package=UFQFPN32
Mcu.Pin0=PA0
Mcu.Pin1=PA1
Mcu.Pin10=PA8
Mcu.Pin11=PA9
Mcu.Pin12=PA10
Mcu.Pin13=PA11
Mcu.Pin14=PA12
Mcu.Pin15=PA13 (JTMS-SWDIO)
Mcu.Pin16=PA14 (JTCK-SWCLK)
Mcu.Pin17=PA15 (JTDI)
Mcu.Pin18=PB3 (JTDO-TRACESWO)
Mcu.Pin19=PB4 (NJTRST)
Mcu.Pin2=PA2
Mcu.Pin20=PB5
Mcu.Pin21=PB6
Mcu.Pin22=PB7
Mcu.Pin23=PH3-BOOT0
Mcu.Pin24=VP_IWDG_VS_IWDG
Mcu.Pin25=VP_SYS_VS_Systick
Mcu.Pin26=VP_TIM1_VS_ClockSourceINT
Mcu.Pin27=VP_TIM2_VS_ClockSourceINT
Mcu.Pin3=PA3
Mcu.Pin4=PA4
Mcu.Pin5=PA5
Mcu.Pin6=PA6
Mcu.Pin7=PA7
Mcu.Pin8=PB0
Mcu.Pin9=PB1
Mcu.PinsNb=28
Mcu.ThirdPartyNb=0
Mcu.UserConstants=
Mcu.UserName=STM32L432KBUx
MxCube.Version=6.4.0
MxDb.Version=DB.6.0.40
NVIC.BusFault_IRQn=true\:0\:0\:false\:false\:true\:false\:false
NVIC.DebugMonitor_IRQn=true\:0\:0\:false\:false\:true\:false\:false
NVIC.ForceEnableDMAVector=true
NVIC.HardFault_IRQn=true\:0\:0\:false\:false\:true\:false\:false
NVIC.MemoryManagement_IRQn=true\:0\:0\:false\:false\:true\:false\:false
NVIC.NonMaskableInt_IRQn=true\:0\:0\:false\:false\:true\:false\:false
NVIC.PendSV_IRQn=true\:0\:0\:false\:false\:true\:false\:false
NVIC.PriorityGroup=NVIC_PRIORITYGROUP_4
NVIC.SVCall_IRQn=true\:0\:0\:false\:false\:true\:false\:false
NVIC.SysTick_IRQn=true\:15\:0\:false\:false\:true\:false\:true
NVIC.UsageFault_IRQn=true\:0\:0\:false\:false\:true\:false\:false
PA0.Signal=ADCx_IN5
PA1.Signal=ADCx_IN6
PA10.Signal=S_TIM1_CH3
PA11.Mode=CAN_Activate
PA11.Signal=CAN1_RX
PA12.Mode=CAN_Activate
PA12.Signal=CAN1_TX
PA13\ (JTMS-SWDIO).Mode=JTAG_5_pins
PA13\ (JTMS-SWDIO).Signal=SYS_JTMS-SWDIO
PA14\ (JTCK-SWCLK).Mode=JTAG_5_pins
PA14\ (JTCK-SWCLK).Signal=SYS_JTCK-SWCLK
PA15\ (JTDI).Mode=JTAG_5_pins
PA15\ (JTDI).Signal=SYS_JTDI
PA2.Mode=Asynchronous
PA2.Signal=USART2_TX
PA3.Mode=Asynchronous
PA3.Signal=USART2_RX
PA4.Signal=ADCx_IN9
PA5.Signal=ADCx_IN10
PA6.GPIOParameters=GPIO_Label
PA6.GPIO_Label=StatusLED
PA6.Locked=true
PA6.Signal=GPIO_Output
PA7.Mode=PWM Generation1 CH1 CH1N
PA7.Signal=TIM1_CH1N
PA8.Signal=S_TIM1_CH1
PA9.Signal=S_TIM1_CH2
PB0.Mode=PWM Generation2 CH2 CH2N
PB0.Signal=TIM1_CH2N
PB1.Mode=PWM Generation3 CH3 CH3N
PB1.Signal=TIM1_CH3N
PB3\ (JTDO-TRACESWO).Mode=JTAG_5_pins
PB3\ (JTDO-TRACESWO).Signal=SYS_JTDO-SWO
PB4\ (NJTRST).Mode=JTAG_5_pins
PB4\ (NJTRST).Signal=SYS_JTRST
PB5.GPIOParameters=GPIO_Label
PB5.GPIO_Label=UserButton
PB5.Locked=true
PB5.Signal=GPIO_Input
PB6.Mode=I2C
PB6.Signal=I2C1_SCL
PB7.Mode=I2C
PB7.Signal=I2C1_SDA
PH3-BOOT0.GPIOParameters=GPIO_Label
PH3-BOOT0.GPIO_Label=BootMode
PH3-BOOT0.Locked=true
PH3-BOOT0.Signal=GPIO_Input
PinOutPanel.RotationAngle=0
ProjectManager.AskForMigrate=true
ProjectManager.BackupPrevious=false
ProjectManager.CompilerOptimize=6
ProjectManager.ComputerToolchain=false
ProjectManager.CoupleFile=false
ProjectManager.CustomerFirmwarePackage=
ProjectManager.DefaultFWLocation=true
ProjectManager.DeletePrevious=true
ProjectManager.DeviceId=STM32L432KBUx
ProjectManager.FirmwarePackage=STM32Cube FW_L4 V1.17.1
ProjectManager.FreePins=false
ProjectManager.HalAssertFull=false
ProjectManager.HeapSize=0x200
ProjectManager.KeepUserCode=true
ProjectManager.LastFirmware=true
ProjectManager.LibraryCopy=0
ProjectManager.MainLocation=Core/Src
ProjectManager.NoMain=false
ProjectManager.PreviousToolchain=
ProjectManager.ProjectBuild=false
ProjectManager.ProjectFileName=stm32l432kb.ioc
ProjectManager.ProjectName=stm32l432kb
ProjectManager.RegisterCallBack=
ProjectManager.StackSize=0x400
ProjectManager.TargetToolchain=EWARM V8.32
ProjectManager.ToolChainLocation=
ProjectManager.UnderRoot=false
ProjectManager.functionlistsort=1-SystemClock_Config-RCC-false-HAL-false,2-MX_GPIO_Init-GPIO-false-HAL-true,3-MX_ADC1_Init-ADC1-false-HAL-true,4-MX_CAN1_Init-CAN1-false-HAL-true,5-MX_I2C1_Init-I2C1-false-HAL-true,6-MX_IWDG_Init-IWDG-false-HAL-true,7-MX_TIM1_Init-TIM1-false-HAL-true,8-MX_TIM2_Init-TIM2-false-HAL-true,9-MX_USART2_UART_Init-USART2-false-HAL-true
RCC.FamilyName=M
RCC.HSE_VALUE=8000000
RCC.HSI48_VALUE=48000000
RCC.HSI_VALUE=16000000
RCC.IPParameters=FamilyName,HSE_VALUE,HSI48_VALUE,HSI_VALUE,LSCOPinFreq_Value,LSE_VALUE,LSI_VALUE,MSI_VALUE,PLLPoutputFreq_Value,PLLQoutputFreq_Value,PLLRCLKFreq_Value,PLLSAI1PoutputFreq_Value,PLLSAI1QoutputFreq_Value,PLLSAI1RoutputFreq_Value,SAI1Freq_Value,VCOInputFreq_Value,VCOOutputFreq_Value,VCOSAI1OutputFreq_Value
RCC.LSCOPinFreq_Value=32000
RCC.LSE_VALUE=32768
RCC.LSI_VALUE=32000
RCC.MSI_VALUE=4000000
RCC.PLLPoutputFreq_Value=4571428.571428572
RCC.PLLQoutputFreq_Value=16000000
RCC.PLLRCLKFreq_Value=16000000
RCC.PLLSAI1PoutputFreq_Value=4571428.571428572
RCC.PLLSAI1QoutputFreq_Value=16000000
RCC.PLLSAI1RoutputFreq_Value=16000000
RCC.SAI1Freq_Value=4571428.571428572
RCC.VCOInputFreq_Value=4000000
RCC.VCOOutputFreq_Value=32000000
RCC.VCOSAI1OutputFreq_Value=32000000
SH.ADCx_IN10.0=ADC1_IN10,IN10-Single-Ended
SH.ADCx_IN10.ConfNb=1
SH.ADCx_IN5.0=ADC1_IN5,IN5-Single-Ended
SH.ADCx_IN5.ConfNb=1
SH.ADCx_IN6.0=ADC1_IN6,IN6-Single-Ended
SH.ADCx_IN6.ConfNb=1
SH.ADCx_IN9.0=ADC1_IN9,IN9-Single-Ended
SH.ADCx_IN9.ConfNb=1
SH.S_TIM1_CH1.0=TIM1_CH1,PWM Generation1 CH1 CH1N
SH.S_TIM1_CH1.ConfNb=1
SH.S_TIM1_CH2.0=TIM1_CH2,PWM Generation2 CH2 CH2N
SH.S_TIM1_CH2.ConfNb=1
SH.S_TIM1_CH3.0=TIM1_CH3,PWM Generation3 CH3 CH3N
SH.S_TIM1_CH3.ConfNb=1
TIM1.Channel-PWM\ Generation1\ CH1\ CH1N=TIM_CHANNEL_1
TIM1.Channel-PWM\ Generation2\ CH2\ CH2N=TIM_CHANNEL_2
TIM1.Channel-PWM\ Generation3\ CH3\ CH3N=TIM_CHANNEL_3
TIM1.IPParameters=Channel-PWM Generation1 CH1 CH1N,Channel-PWM Generation2 CH2 CH2N,Channel-PWM Generation3 CH3 CH3N
USART2.IPParameters=VirtualMode-Asynchronous
USART2.VirtualMode-Asynchronous=VM_ASYNC
VP_IWDG_VS_IWDG.Mode=IWDG_Activate
VP_IWDG_VS_IWDG.Signal=IWDG_VS_IWDG
VP_SYS_VS_Systick.Mode=SysTick
VP_SYS_VS_Systick.Signal=SYS_VS_Systick
VP_TIM1_VS_ClockSourceINT.Mode=Internal
VP_TIM1_VS_ClockSourceINT.Signal=TIM1_VS_ClockSourceINT
VP_TIM2_VS_ClockSourceINT.Mode=Internal
VP_TIM2_VS_ClockSourceINT.Signal=TIM2_VS_ClockSourceINT
board=custom
