#MicroXplorer Configuration settings - do not modify
ADC1.Channel-0\#ChannelRegularConversion=ADC_CHANNEL_0
ADC1.ExternalTrigConv=ADC_EXTERNALTRIGCONV_T1_CC1
ADC1.IPParameters=Rank-0\#ChannelRegularConversion,master,Channel-0\#ChannelRegularConversion,SamplingTime-0\#ChannelRegularConversion,NbrOfConversionFlag,ExternalTrigConv
ADC1.NbrOfConversionFlag=1
ADC1.Rank-0\#ChannelRegularConversion=1
ADC1.SamplingTime-0\#ChannelRegularConversion=ADC_SAMPLETIME_3CYCLES
ADC1.master=1
ADC2.Channel-1\#ChannelRegularConversion=ADC_CHANNEL_4
ADC2.IPParameters=Rank-1\#ChannelRegularConversion,Channel-1\#ChannelRegularConversion,SamplingTime-1\#ChannelRegularConversion,NbrOfConversionFlag
ADC2.NbrOfConversionFlag=1
ADC2.Rank-1\#ChannelRegularConversion=1
ADC2.SamplingTime-1\#ChannelRegularConversion=ADC_SAMPLETIME_3CYCLES
ADC3.Channel-0\#ChannelRegularConversion=ADC_CHANNEL_7
ADC3.IPParameters=Rank-0\#ChannelRegularConversion,Channel-0\#ChannelRegularConversion,SamplingTime-0\#ChannelRegularConversion,NbrOfConversionFlag
ADC3.NbrOfConversionFlag=1
ADC3.Rank-0\#ChannelRegularConversion=1
ADC3.SamplingTime-0\#ChannelRegularConversion=ADC_SAMPLETIME_3CYCLES
CAN1.CalculateBaudRate=937500
CAN1.CalculateTimeBit=1066
CAN1.CalculateTimeQuantum=355.55555555555554
CAN1.IPParameters=CalculateTimeQuantum,CalculateTimeBit,CalculateBaudRate
CAN2.CalculateBaudRate=937500
CAN2.CalculateTimeBit=1066
CAN2.CalculateTimeQuantum=355.55555555555554
CAN2.IPParameters=CalculateTimeQuantum,CalculateTimeBit,CalculateBaudRate
File.Version=6
GPIO.groupedBy=Group By Peripherals
KeepUserPlacement=false
Mcu.CPN=STM32F446ZCH6
Mcu.Family=STM32F4
Mcu.IP0=ADC1
Mcu.IP1=ADC2
Mcu.IP10=SDIO
Mcu.IP11=SPI2
Mcu.IP12=SYS
Mcu.IP13=TIM1
Mcu.IP14=USART2
Mcu.IP15=USART6
Mcu.IP16=USB_OTG_FS
Mcu.IP17=WWDG
Mcu.IP2=ADC3
Mcu.IP3=CAN1
Mcu.IP4=CAN2
Mcu.IP5=CRC
Mcu.IP6=I2C2
Mcu.IP7=IWDG
Mcu.IP8=NVIC
Mcu.IP9=RCC
Mcu.IPNb=18
Mcu.Name=STM32F446Z(C-E)Hx
Mcu.Package=UFBGA144
Mcu.Pin0=PC13
Mcu.Pin1=PE3
Mcu.Pin10=PA14
Mcu.Pin11=PA13
Mcu.Pin12=PE4
Mcu.Pin13=PE5
Mcu.Pin14=PE6
Mcu.Pin15=PB9
Mcu.Pin16=PB5
Mcu.Pin17=PG15
Mcu.Pin18=PG12
Mcu.Pin19=PD5
Mcu.Pin2=PE2
Mcu.Pin20=PC11
Mcu.Pin21=PC10
Mcu.Pin22=PA12
Mcu.Pin23=PF0
Mcu.Pin24=PF1
Mcu.Pin25=PB8
Mcu.Pin26=PB6
Mcu.Pin27=PG14
Mcu.Pin28=PC12
Mcu.Pin29=PA11
Mcu.Pin3=PE1
Mcu.Pin30=PH0-OSC_IN
Mcu.Pin31=PG13
Mcu.Pin32=PD1
Mcu.Pin33=PA10
Mcu.Pin34=PA9
Mcu.Pin35=PH1-OSC_OUT
Mcu.Pin36=PF3
Mcu.Pin37=PG9
Mcu.Pin38=PD2
Mcu.Pin39=PC9
Mcu.Pin4=PE0
Mcu.Pin40=PA8
Mcu.Pin41=NRST
Mcu.Pin42=PC8
Mcu.Pin43=PF10
Mcu.Pin44=PF9
Mcu.Pin45=PC0
Mcu.Pin46=PE11
Mcu.Pin47=PA0-WKUP
Mcu.Pin48=PA4
Mcu.Pin49=PB2
Mcu.Pin5=PB4
Mcu.Pin50=PE10
Mcu.Pin51=PE12
Mcu.Pin52=PA1
Mcu.Pin53=PA5
Mcu.Pin54=PE9
Mcu.Pin55=PE13
Mcu.Pin56=PA2
Mcu.Pin57=PA6
Mcu.Pin58=PE8
Mcu.Pin59=PB14
Mcu.Pin6=PB3
Mcu.Pin60=PB15
Mcu.Pin61=PA3
Mcu.Pin62=PE15
Mcu.Pin63=PB12
Mcu.Pin64=PB13
Mcu.Pin65=VP_CRC_VS_CRC
Mcu.Pin66=VP_IWDG_VS_IWDG
Mcu.Pin67=VP_SYS_VS_Systick
Mcu.Pin68=VP_TIM1_VS_ClockSourceINT
Mcu.Pin69=VP_WWDG_VS_WWDG
Mcu.Pin7=PD6
Mcu.Pin8=PD7
Mcu.Pin9=PA15
Mcu.PinsNb=70
Mcu.ThirdPartyNb=0
Mcu.UserConstants=
Mcu.UserName=STM32F446ZCHx
MxCube.Version=6.6.1
MxDb.Version=DB.6.0.60
NRST.Locked=true
NVIC.BusFault_IRQn=true\:0\:0\:false\:false\:true\:false\:false\:false
NVIC.DebugMonitor_IRQn=true\:0\:0\:false\:false\:true\:false\:false\:false
NVIC.ForceEnableDMAVector=true
NVIC.HardFault_IRQn=true\:0\:0\:false\:false\:true\:false\:false\:false
NVIC.MemoryManagement_IRQn=true\:0\:0\:false\:false\:true\:false\:false\:false
NVIC.NonMaskableInt_IRQn=true\:0\:0\:false\:false\:true\:false\:false\:false
NVIC.PendSV_IRQn=true\:0\:0\:false\:false\:true\:false\:false\:false
NVIC.PriorityGroup=NVIC_PRIORITYGROUP_4
NVIC.SVCall_IRQn=true\:0\:0\:false\:false\:true\:false\:false\:false
NVIC.SysTick_IRQn=true\:15\:0\:false\:false\:true\:false\:true\:false
NVIC.UsageFault_IRQn=true\:0\:0\:false\:false\:true\:false\:false\:false
PA0-WKUP.GPIOParameters=GPIO_Label
PA0-WKUP.GPIO_Label=INPUT_VOLTAGE
PA0-WKUP.Locked=true
PA0-WKUP.Signal=ADCx_IN0
PA1.GPIOParameters=GPIO_Label
PA1.GPIO_Label=MOTOR_IA
PA1.Locked=true
PA1.Signal=ADCx_IN1
PA10.GPIOParameters=GPIO_Label
PA10.GPIO_Label=USB COM LED
PA10.Locked=true
PA10.Signal=GPIO_Output
PA11.Locked=true
PA11.Mode=Device_Only
PA11.Signal=USB_OTG_FS_DM
PA12.Locked=true
PA12.Mode=Device_Only
PA12.Signal=USB_OTG_FS_DP
PA13.Locked=true
PA13.Mode=JTAG_5_pins
PA13.Signal=SYS_JTMS-SWDIO
PA14.Locked=true
PA14.Mode=JTAG_5_pins
PA14.Signal=SYS_JTCK-SWCLK
PA15.Locked=true
PA15.Mode=JTAG_5_pins
PA15.Signal=SYS_JTDI
PA2.GPIOParameters=GPIO_Label
PA2.GPIO_Label=MOTOR_IB
PA2.Locked=true
PA2.Signal=ADCx_IN2
PA3.GPIOParameters=GPIO_Label
PA3.GPIO_Label=MOTOR_IC
PA3.Locked=true
PA3.Signal=ADCx_IN3
PA4.GPIOParameters=GPIO_Label
PA4.GPIO_Label=MOTOR_VA
PA4.Locked=true
PA4.Signal=ADCx_IN4
PA5.GPIOParameters=GPIO_Label
PA5.GPIO_Label=MOTOR_VB
PA5.Locked=true
PA5.Signal=ADCx_IN5
PA6.GPIOParameters=GPIO_Label
PA6.GPIO_Label=MOTOR_VC
PA6.Locked=true
PA6.Signal=ADCx_IN6
PA8.GPIOParameters=GPIO_Label
PA8.GPIO_Label=USB Renumerate
PA8.Locked=true
PA8.Signal=GPIO_Output
PA9.Locked=true
PA9.Mode=Activate_VBUS
PA9.Signal=USB_OTG_FS_VBUS
PB12.GPIOParameters=GPIO_Label
PB12.GPIO_Label=SPI CS
PB12.Locked=true
PB12.Signal=GPIO_Output
PB13.Locked=true
PB13.Mode=Full_Duplex_Master
PB13.Signal=SPI2_SCK
PB14.Locked=true
PB14.Mode=Full_Duplex_Master
PB14.Signal=SPI2_MISO
PB15.Locked=true
PB15.Mode=Full_Duplex_Master
PB15.Signal=SPI2_MOSI
PB2.GPIOParameters=GPIO_Label
PB2.GPIO_Label=BOOT
PB2.Locked=true
PB2.Signal=GPIO_Input
PB3.Locked=true
PB3.Mode=JTAG_5_pins
PB3.Signal=SYS_JTDO-SWO
PB4.Locked=true
PB4.Mode=JTAG_5_pins
PB4.Signal=SYS_JTRST
PB5.Locked=true
PB5.Mode=CAN_Activate
PB5.Signal=CAN2_RX
PB6.Locked=true
PB6.Mode=CAN_Activate
PB6.Signal=CAN2_TX
PB8.Locked=true
PB8.Mode=CAN_Activate
PB8.Signal=CAN1_RX
PB9.Locked=true
PB9.Mode=CAN_Activate
PB9.Signal=CAN1_TX
PC0.GPIOParameters=GPIO_Label
PC0.GPIO_Label=SUPPLY_5V0
PC0.Locked=true
PC0.Signal=ADCx_IN10
PC10.Locked=true
PC10.Mode=SD_4_bits_Wide_bus
PC10.Signal=SDIO_D2
PC11.Locked=true
PC11.Mode=SD_4_bits_Wide_bus
PC11.Signal=SDIO_D3
PC12.Locked=true
PC12.Mode=SD_4_bits_Wide_bus
PC12.Signal=SDIO_CK
PC13.GPIOParameters=GPIO_Label
PC13.GPIO_Label=HEARTBEAT LED
PC13.Locked=true
PC13.Signal=GPIO_Output
PC8.Locked=true
PC8.Mode=SD_4_bits_Wide_bus
PC8.Signal=SDIO_D0
PC9.Locked=true
PC9.Mode=SD_4_bits_Wide_bus
PC9.Signal=SDIO_D1
PD1.GPIOParameters=GPIO_Label
PD1.GPIO_Label=SDIO_CARD_DETECT
PD1.Locked=true
PD1.Signal=GPXTI1
PD2.Locked=true
PD2.Mode=SD_4_bits_Wide_bus
PD2.Signal=SDIO_CMD
PD5.Locked=true
PD5.Mode=Asynchronous
PD5.Signal=USART2_TX
PD6.Locked=true
PD6.Mode=Asynchronous
PD6.Signal=USART2_RX
PD7.GPIOParameters=GPIO_Label
PD7.GPIO_Label=SERIAL COM LED
PD7.Locked=true
PD7.Signal=GPIO_Output
PE0.GPIOParameters=GPIO_Label
PE0.GPIO_Label=CAN1 COM LED
PE0.Locked=true
PE0.Signal=GPIO_Output
PE1.GPIOParameters=GPIO_Label
PE1.GPIO_Label=MOTOR_ARMED
PE1.Locked=true
PE1.Signal=GPIO_Output
PE10.Locked=true
PE10.Mode=Output Compare2 CH2 CH2N
PE10.Signal=TIM1_CH2N
PE11.Locked=true
PE11.Signal=S_TIM1_CH2
PE12.Locked=true
PE12.Mode=Output Compare3 CH3 CH3N
PE12.Signal=TIM1_CH3N
PE13.Locked=true
PE13.Signal=S_TIM1_CH3
PE15.GPIOParameters=GPIO_Label
PE15.GPIO_Label=BREAK
PE15.Locked=true
PE15.Mode=Activate-Break-Input
PE15.Signal=TIM1_BKIN
PE2.GPIOParameters=GPIO_Label
PE2.GPIO_Label=MOTOR_FAULT
PE2.Locked=true
PE2.Signal=GPIO_Output
PE3.GPIOParameters=GPIO_Label
PE3.GPIO_Label=USER_BTN
PE3.Locked=true
PE3.Signal=GPIO_Input
PE4.GPIOParameters=GPIO_Label
PE4.GPIO_Label=STATUS_0_LED
PE4.Locked=true
PE4.Signal=GPIO_Output
PE5.GPIOParameters=GPIO_Label
PE5.GPIO_Label=STATUS_1_LED
PE5.Locked=true
PE5.Signal=GPIO_Output
PE6.GPIOParameters=GPIO_Label
PE6.GPIO_Label=STATUS_2_LED
PE6.Locked=true
PE6.Signal=GPIO_Output
PE8.Locked=true
PE8.Mode=Output Compare1 CH1 CH1N
PE8.Signal=TIM1_CH1N
PE9.Locked=true
PE9.Signal=S_TIM1_CH1
PF0.Locked=true
PF0.Mode=I2C
PF0.Signal=I2C2_SDA
PF1.Locked=true
PF1.Mode=I2C
PF1.Signal=I2C2_SCL
PF10.GPIOParameters=GPIO_Label
PF10.GPIO_Label=SUPPLY_3V3
PF10.Locked=true
PF10.Mode=IN8
PF10.Signal=ADC3_IN8
PF3.GPIOParameters=GPIO_Label
PF3.GPIO_Label=BOARD_TEMP_A
PF3.Locked=true
PF3.Mode=IN9
PF3.Signal=ADC3_IN9
PF9.GPIOParameters=GPIO_Label
PF9.GPIO_Label=BOARD_TEMP_B
PF9.Locked=true
PF9.Mode=IN7
PF9.Signal=ADC3_IN7
PG12.GPIOParameters=GPIO_Label
PG12.GPIO_Label=SERIAL1_COM_LED
PG12.Locked=true
PG12.Signal=GPIO_Output
PG13.GPIOParameters=GPIO_Label
PG13.GPIO_Label=SERIAL2_COM_LED
PG13.Locked=true
PG13.Signal=GPIO_Output
PG14.Locked=true
PG14.Mode=Asynchronous
PG14.Signal=USART6_TX
PG15.GPIOParameters=GPIO_Label
PG15.GPIO_Label=CAN2 COM LED
PG15.Locked=true
PG15.Signal=GPIO_Output
PG9.Locked=true
PG9.Mode=Asynchronous
PG9.Signal=USART6_RX
PH0-OSC_IN.Locked=true
PH0-OSC_IN.Mode=HSE-External-Oscillator
PH0-OSC_IN.Signal=RCC_OSC_IN
PH1-OSC_OUT.Locked=true
PH1-OSC_OUT.Mode=HSE-External-Oscillator
PH1-OSC_OUT.Signal=RCC_OSC_OUT
PinOutPanel.CurrentBGAView=Top
PinOutPanel.RotationAngle=0
ProjectManager.AskForMigrate=true
ProjectManager.BackupPrevious=false
ProjectManager.CompilerOptimize=6
ProjectManager.ComputerToolchain=false
ProjectManager.CoupleFile=false
ProjectManager.CustomerFirmwarePackage=
ProjectManager.DefaultFWLocation=true
ProjectManager.DeletePrevious=true
ProjectManager.DeviceId=STM32F446ZCHx
ProjectManager.FirmwarePackage=STM32Cube FW_F4 V1.27.1
ProjectManager.FreePins=false
ProjectManager.HalAssertFull=false
ProjectManager.HeapSize=0x200
ProjectManager.KeepUserCode=true
ProjectManager.LastFirmware=true
ProjectManager.LibraryCopy=0
ProjectManager.MainLocation=Core/Src
ProjectManager.NoMain=false
ProjectManager.PreviousToolchain=
ProjectManager.ProjectBuild=false
ProjectManager.ProjectFileName=stm32f446zchx.ioc
ProjectManager.ProjectName=stm32f446zchx
ProjectManager.RegisterCallBack=
ProjectManager.StackSize=0x400
ProjectManager.TargetToolchain=EWARM V8.50
ProjectManager.ToolChainLocation=
ProjectManager.UnderRoot=false
ProjectManager.functionlistsort=1-SystemClock_Config-RCC-false-HAL-false,2-MX_GPIO_Init-GPIO-false-HAL-true,3-MX_ADC1_Init-ADC1-false-HAL-true,4-MX_ADC2_Init-ADC2-false-HAL-true,5-MX_ADC3_Init-ADC3-false-HAL-true,6-MX_CAN1_Init-CAN1-false-HAL-true,7-MX_CRC_Init-CRC-false-HAL-true,8-MX_I2C1_Init-I2C1-false-HAL-true,9-MX_IWDG_Init-IWDG-false-HAL-true,10-MX_SDIO_SD_Init-SDIO-false-HAL-true,11-MX_SPI2_Init-SPI2-false-HAL-true,12-MX_TIM1_Init-TIM1-false-HAL-true,13-MX_USB_OTG_FS_PCD_Init-USB_OTG_FS-false-HAL-true,14-MX_USART2_UART_Init-USART2-false-HAL-true,15-MX_WWDG_Init-WWDG-false-HAL-true
RCC.AHBFreq_Value=180000000
RCC.APB1CLKDivider=RCC_HCLK_DIV4
RCC.APB1Freq_Value=45000000
RCC.APB1TimFreq_Value=90000000
RCC.APB2CLKDivider=RCC_HCLK_DIV2
RCC.APB2Freq_Value=90000000
RCC.APB2TimFreq_Value=180000000
RCC.CECFreq_Value=32786.88524590164
RCC.CortexFreq_Value=180000000
RCC.FCLKCortexFreq_Value=180000000
RCC.FMPI2C1Freq_Value=45000000
RCC.FamilyName=M
RCC.HCLKFreq_Value=180000000
RCC.HSE_VALUE=24000000
RCC.I2S1Freq_Value=144000000
RCC.I2S2Freq_Value=144000000
RCC.IPParameters=AHBFreq_Value,APB1CLKDivider,APB1Freq_Value,APB1TimFreq_Value,APB2CLKDivider,APB2Freq_Value,APB2TimFreq_Value,CECFreq_Value,CortexFreq_Value,FCLKCortexFreq_Value,FMPI2C1Freq_Value,FamilyName,HCLKFreq_Value,HSE_VALUE,I2S1Freq_Value,I2S2Freq_Value,MCO2PinFreq_Value,PLLCLKFreq_Value,PLLI2SPCLKFreq_Value,PLLI2SQCLKFreq_Value,PLLI2SRCLKFreq_Value,PLLI2SoutputFreq_Value,PLLM,PLLN,PLLQ,PLLQCLKFreq_Value,PLLRCLKFreq_Value,PLLSAIM,PLLSAIP,PLLSAIPCLKFreq_Value,PLLSAIQCLKFreq_Value,PLLSAIoutputFreq_Value,PLLSourceVirtual,PWRFreq_Value,SAIAFreq_Value,SAIBFreq_Value,SDIOFreq_Value,SPDIFRXFreq_Value,SYSCLKFreq_VALUE,SYSCLKSource,USBCLockSelection,USBFreq_Value,VCOI2SInputFreq_Value,VCOI2SOutputFreq_Value,VCOInputFreq_Value,VCOOutputFreq_Value,VCOSAIInputFreq_Value,VCOSAIOutputFreq_Value
RCC.MCO2PinFreq_Value=180000000
RCC.PLLCLKFreq_Value=180000000
RCC.PLLI2SPCLKFreq_Value=144000000
RCC.PLLI2SQCLKFreq_Value=144000000
RCC.PLLI2SRCLKFreq_Value=144000000
RCC.PLLI2SoutputFreq_Value=144000000
RCC.PLLM=24
RCC.PLLN=360
RCC.PLLQ=3
RCC.PLLQCLKFreq_Value=120000000
RCC.PLLRCLKFreq_Value=180000000
RCC.PLLSAIM=12
RCC.PLLSAIP=RCC_PLLSAIP_DIV8
RCC.PLLSAIPCLKFreq_Value=48000000
RCC.PLLSAIQCLKFreq_Value=192000000
RCC.PLLSAIoutputFreq_Value=48000000
RCC.PLLSourceVirtual=RCC_PLLSOURCE_HSE
RCC.PWRFreq_Value=180000000
RCC.SAIAFreq_Value=192000000
RCC.SAIBFreq_Value=192000000
RCC.SDIOFreq_Value=48000000
RCC.SPDIFRXFreq_Value=180000000
RCC.SYSCLKFreq_VALUE=180000000
RCC.SYSCLKSource=RCC_SYSCLKSOURCE_PLLCLK
RCC.USBCLockSelection=RCC_CLK48CLKSOURCE_PLLSAIP
RCC.USBFreq_Value=48000000
RCC.VCOI2SInputFreq_Value=1500000
RCC.VCOI2SOutputFreq_Value=288000000
RCC.VCOInputFreq_Value=1000000
RCC.VCOOutputFreq_Value=360000000
RCC.VCOSAIInputFreq_Value=2000000
RCC.VCOSAIOutputFreq_Value=384000000
SH.ADCx_IN0.0=ADC1_IN0,IN0
SH.ADCx_IN0.ConfNb=1
SH.ADCx_IN1.0=ADC1_IN1,IN1
SH.ADCx_IN1.ConfNb=1
SH.ADCx_IN10.0=ADC3_IN10,IN10
SH.ADCx_IN10.ConfNb=1
SH.ADCx_IN2.0=ADC1_IN2,IN2
SH.ADCx_IN2.ConfNb=1
SH.ADCx_IN3.0=ADC1_IN3,IN3
SH.ADCx_IN3.ConfNb=1
SH.ADCx_IN4.0=ADC2_IN4,IN4
SH.ADCx_IN4.ConfNb=1
SH.ADCx_IN5.0=ADC2_IN5,IN5
SH.ADCx_IN5.ConfNb=1
SH.ADCx_IN6.0=ADC2_IN6,IN6
SH.ADCx_IN6.ConfNb=1
SH.GPXTI1.0=GPIO_EXTI1
SH.GPXTI1.ConfNb=1
SH.S_TIM1_CH1.0=TIM1_CH1,Output Compare1 CH1 CH1N
SH.S_TIM1_CH1.ConfNb=1
SH.S_TIM1_CH2.0=TIM1_CH2,Output Compare2 CH2 CH2N
SH.S_TIM1_CH2.ConfNb=1
SH.S_TIM1_CH3.0=TIM1_CH3,Output Compare3 CH3 CH3N
SH.S_TIM1_CH3.ConfNb=1
SPI2.BaudRatePrescaler=SPI_BAUDRATEPRESCALER_2
SPI2.CalculateBaudRate=22.5 MBits/s
SPI2.Direction=SPI_DIRECTION_2LINES
SPI2.IPParameters=VirtualType,Mode,Direction,CalculateBaudRate,BaudRatePrescaler
SPI2.Mode=SPI_MODE_MASTER
SPI2.VirtualType=VM_MASTER
TIM1.Channel-Output\ Compare1\ CH1\ CH1N=TIM_CHANNEL_1
TIM1.Channel-Output\ Compare2\ CH2\ CH2N=TIM_CHANNEL_2
TIM1.Channel-Output\ Compare3\ CH3\ CH3N=TIM_CHANNEL_3
TIM1.IPParameters=Channel-Output Compare1 CH1 CH1N,Channel-Output Compare2 CH2 CH2N,Channel-Output Compare3 CH3 CH3N
USART2.IPParameters=VirtualMode
USART2.VirtualMode=VM_ASYNC
USART6.IPParameters=VirtualMode
USART6.VirtualMode=VM_ASYNC
USB_OTG_FS.IPParameters=VirtualMode
USB_OTG_FS.VirtualMode=Device_Only
VP_CRC_VS_CRC.Mode=CRC_Activate
VP_CRC_VS_CRC.Signal=CRC_VS_CRC
VP_IWDG_VS_IWDG.Mode=IWDG_Activate
VP_IWDG_VS_IWDG.Signal=IWDG_VS_IWDG
VP_SYS_VS_Systick.Mode=SysTick
VP_SYS_VS_Systick.Signal=SYS_VS_Systick
VP_TIM1_VS_ClockSourceINT.Mode=Internal
VP_TIM1_VS_ClockSourceINT.Signal=TIM1_VS_ClockSourceINT
VP_WWDG_VS_WWDG.Mode=WWDG_Activate
VP_WWDG_VS_WWDG.Signal=WWDG_VS_WWDG
board=custom
